---
http_interactions:
- request:
    method: post
    uri: https://api.steemit.com/
    body:
      encoding: UTF-8
      string: '{"jsonrpc":"2.0","id":1,"method":"jsonrpc.get_signature","params":{"method":"network_broadcast_api.broadcast_block"}}'
    headers:
      Content-Type:
      - application/json; charset=utf-8
      User-Agent:
      - steem-rb/0.0.1
      Accept-Encoding:
      - gzip;q=1.0,deflate;q=0.6,identity;q=0.3
      Accept:
      - "*/*"
  response:
    status:
      code: 200
      message: OK
    headers:
      Date:
      - Wed, 25 Apr 2018 15:28:19 GMT
      Content-Type:
      - application/json
      Content-Length:
      - '420'
      Connection:
      - keep-alive
      Server:
      - nginx
      X-Jussi-Request-Id:
      - '000521245981134575'
      X-Amzn-Trace-Id:
      - Root=1-5ae09e92-5c66534da36fc1a875aba8f0
      Access-Control-Allow-Origin:
      - "*"
      Access-Control-Allow-Methods:
      - GET, POST, OPTIONS
      Access-Control-Allow-Headers:
      - DNT,Keep-Alive,User-Agent,X-Requested-With,If-Modified-Since,Cache-Control,Content-Type,Content-Range,Range
      Strict-Transport-Security:
      - max-age=31557600; includeSubDomains; preload
      Content-Security-Policy:
      - upgrade-insecure-requests
    body:
      encoding: UTF-8
      string: '{"jsonrpc":"2.0","result":{"args":{"block":{"previous":"0000000000000000000000000000000000000000","timestamp":"1970-01-01T00:00:00","witness":"","transaction_merkle_root":"0000000000000000000000000000000000000000","extensions":[],"witness_signature":"0000000000000000000000000000000000000000000000000000000000000000000000000000000000000000000000000000000000000000000000000000000000","transactions":[]}},"ret":{}},"id":1}'
    http_version: 
  recorded_at: Wed, 25 Apr 2018 15:28:19 GMT
- request:
    method: post
    uri: https://api.steemit.com/
    body:
      encoding: UTF-8
      string: '{"jsonrpc":"2.0","id":1,"method":"network_broadcast_api.broadcast_block","params":{"block":{"previous":"0000000000000000000000000000000000000000","timestamp":"1970-01-01T00:00:00","witness":"","transaction_merkle_root":"0000000000000000000000000000000000000000","extensions":[],"witness_signature":"0000000000000000000000000000000000000000000000000000000000000000000000000000000000000000000000000000000000000000000000000000000000","transactions":[]}}}'
    headers:
      Content-Type:
      - application/json; charset=utf-8
      User-Agent:
      - steem-rb/0.0.1
      Accept-Encoding:
      - gzip;q=1.0,deflate;q=0.6,identity;q=0.3
      Accept:
      - "*/*"
  response:
    status:
      code: 200
      message: OK
    headers:
      Date:
      - Wed, 25 Apr 2018 15:28:20 GMT
      Content-Type:
      - application/json
      Transfer-Encoding:
      - chunked
      Connection:
      - keep-alive
      Server:
      - nginx
      X-Jussi-Request-Id:
      - '000867000332360500'
      X-Amzn-Trace-Id:
      - Root=1-5ae09e93-27eb231e5cc7746ceaff3cd6
      Access-Control-Allow-Origin:
      - "*"
      Access-Control-Allow-Methods:
      - GET, POST, OPTIONS
      Access-Control-Allow-Headers:
      - DNT,Keep-Alive,User-Agent,X-Requested-With,If-Modified-Since,Cache-Control,Content-Type,Content-Range,Range
      Strict-Transport-Security:
      - max-age=31557600; includeSubDomains; preload
      Content-Security-Policy:
      - upgrade-insecure-requests
    body:
      encoding: ASCII-8BIT
      string: '{"jsonrpc":"2.0","error":{"code":-32000,"message":"Assert Exception:item->num
        > std::max<int64_t>( 0, int64_t(_head->num) - (_max_size) ): attempting to
        push a block that is too old","data":{"code":10,"name":"assert_exception","message":"Assert
        Exception","stack":[{"context":{"level":"error","file":"fork_database.cpp","line":57,"method":"_push_block","hostname":"","timestamp":"2018-04-25T15:28:19"},"format":"item->num
        > std::max<int64_t>( 0, int64_t(_head->num) - (_max_size) ): attempting to
        push a block that is too old","data":{"item->num":1,"head":21879407,"max_size":22}},{"context":{"level":"warn","file":"database.cpp","line":673,"method":"_push_block","hostname":"","timestamp":"2018-04-25T15:28:19"},"format":"","data":{}},{"context":{"level":"warn","file":"database.cpp","line":558,"method":"operator()","hostname":"","timestamp":"2018-04-25T15:28:19"},"format":"","data":{"new_block":{"previous":"0000000000000000000000000000000000000000","timestamp":"1970-01-01T00:00:00","witness":"","transaction_merkle_root":"0000000000000000000000000000000000000000","extensions":[],"witness_signature":"0000000000000000000000000000000000000000000000000000000000000000000000000000000000000000000000000000000000000000000000000000000000","transactions":[]}}}]}},"id":1}'
    http_version: 
  recorded_at: Wed, 25 Apr 2018 15:28:20 GMT
recorded_with: VCR 4.0.0
